// !$*UTF8*$!
{
	archiveVersion = 1;
	classes = {
	};
	objectVersion = 50;
	objects = {

/* Begin PBXBuildFile section */
		F6727F6E235EA9E0005B4A2C /* AppDelegate.swift in Sources */ = {isa = PBXBuildFile; fileRef = F6727F6D235EA9E0005B4A2C /* AppDelegate.swift */; };
		F6727F70235EA9E0005B4A2C /* SceneDelegate.swift in Sources */ = {isa = PBXBuildFile; fileRef = F6727F6F235EA9E0005B4A2C /* SceneDelegate.swift */; };
		F6727F75235EA9E0005B4A2C /* Main.storyboard in Resources */ = {isa = PBXBuildFile; fileRef = F6727F73235EA9E0005B4A2C /* Main.storyboard */; };
		F6727F77235EA9E1005B4A2C /* Assets.xcassets in Resources */ = {isa = PBXBuildFile; fileRef = F6727F76235EA9E1005B4A2C /* Assets.xcassets */; };
		F6727F7A235EA9E1005B4A2C /* LaunchScreen.storyboard in Resources */ = {isa = PBXBuildFile; fileRef = F6727F78235EA9E1005B4A2C /* LaunchScreen.storyboard */; };
		F6727F85235EA9E1005B4A2C /* SamsClubDemoTests.swift in Sources */ = {isa = PBXBuildFile; fileRef = F6727F84235EA9E1005B4A2C /* SamsClubDemoTests.swift */; };
		F6727F90235EA9E2005B4A2C /* SamsClubDemoUITests.swift in Sources */ = {isa = PBXBuildFile; fileRef = F6727F8F235EA9E2005B4A2C /* SamsClubDemoUITests.swift */; };
		F6727FA4235EAF31005B4A2C /* BaseTabBarController.swift in Sources */ = {isa = PBXBuildFile; fileRef = F6727FA3235EAF31005B4A2C /* BaseTabBarController.swift */; };
		F6727FA6235EBABE005B4A2C /* ProductListCollectionViewController.swift in Sources */ = {isa = PBXBuildFile; fileRef = F6727FA5235EBABE005B4A2C /* ProductListCollectionViewController.swift */; };
		F6727FA8235EBB17005B4A2C /* SavedItemsCollectionViewController.swift in Sources */ = {isa = PBXBuildFile; fileRef = F6727FA7235EBB17005B4A2C /* SavedItemsCollectionViewController.swift */; };
		F6727FAC235EC2CA005B4A2C /* ProductListCell.swift in Sources */ = {isa = PBXBuildFile; fileRef = F6727FAB235EC2CA005B4A2C /* ProductListCell.swift */; };
		F6727FAE235EC412005B4A2C /* SavedItemsCollectionViewCell.swift in Sources */ = {isa = PBXBuildFile; fileRef = F6727FAD235EC412005B4A2C /* SavedItemsCollectionViewCell.swift */; };
		F6727FDE235FFDDA005B4A2C /* Products.swift in Sources */ = {isa = PBXBuildFile; fileRef = F6727FDD235FFDDA005B4A2C /* Products.swift */; };
		F6727FE4235FFE40005B4A2C /* ServiceManager.swift in Sources */ = {isa = PBXBuildFile; fileRef = F6727FE3235FFE40005B4A2C /* ServiceManager.swift */; };
		F6727FE9235FFE64005B4A2C /* CustomFonts.swift in Sources */ = {isa = PBXBuildFile; fileRef = F6727FE6235FFE64005B4A2C /* CustomFonts.swift */; };
		F6727FEA235FFE64005B4A2C /* UIView+Layout.swift in Sources */ = {isa = PBXBuildFile; fileRef = F6727FE7235FFE64005B4A2C /* UIView+Layout.swift */; };
		F6727FEB235FFE64005B4A2C /* VerticalStackView.swift in Sources */ = {isa = PBXBuildFile; fileRef = F6727FE8235FFE64005B4A2C /* VerticalStackView.swift */; };
/* End PBXBuildFile section */

/* Begin PBXContainerItemProxy section */
		F6727F81235EA9E1005B4A2C /* PBXContainerItemProxy */ = {
			isa = PBXContainerItemProxy;
			containerPortal = F6727F62235EA9E0005B4A2C /* Project object */;
			proxyType = 1;
			remoteGlobalIDString = F6727F69235EA9E0005B4A2C;
			remoteInfo = SamsClubDemo;
		};
		F6727F8C235EA9E2005B4A2C /* PBXContainerItemProxy */ = {
			isa = PBXContainerItemProxy;
			containerPortal = F6727F62235EA9E0005B4A2C /* Project object */;
			proxyType = 1;
			remoteGlobalIDString = F6727F69235EA9E0005B4A2C;
			remoteInfo = SamsClubDemo;
		};
/* End PBXContainerItemProxy section */

/* Begin PBXFileReference section */
		F6727F6A235EA9E0005B4A2C /* SamsClubDemo.app */ = {isa = PBXFileReference; explicitFileType = wrapper.application; includeInIndex = 0; path = SamsClubDemo.app; sourceTree = BUILT_PRODUCTS_DIR; };
		F6727F6D235EA9E0005B4A2C /* AppDelegate.swift */ = {isa = PBXFileReference; lastKnownFileType = sourcecode.swift; path = AppDelegate.swift; sourceTree = "<group>"; };
		F6727F6F235EA9E0005B4A2C /* SceneDelegate.swift */ = {isa = PBXFileReference; lastKnownFileType = sourcecode.swift; path = SceneDelegate.swift; sourceTree = "<group>"; };
		F6727F74235EA9E0005B4A2C /* Base */ = {isa = PBXFileReference; lastKnownFileType = file.storyboard; name = Base; path = Base.lproj/Main.storyboard; sourceTree = "<group>"; };
		F6727F76235EA9E1005B4A2C /* Assets.xcassets */ = {isa = PBXFileReference; lastKnownFileType = folder.assetcatalog; path = Assets.xcassets; sourceTree = "<group>"; };
		F6727F79235EA9E1005B4A2C /* Base */ = {isa = PBXFileReference; lastKnownFileType = file.storyboard; name = Base; path = Base.lproj/LaunchScreen.storyboard; sourceTree = "<group>"; };
		F6727F7B235EA9E1005B4A2C /* Info.plist */ = {isa = PBXFileReference; lastKnownFileType = text.plist.xml; path = Info.plist; sourceTree = "<group>"; };
		F6727F80235EA9E1005B4A2C /* SamsClubDemoTests.xctest */ = {isa = PBXFileReference; explicitFileType = wrapper.cfbundle; includeInIndex = 0; path = SamsClubDemoTests.xctest; sourceTree = BUILT_PRODUCTS_DIR; };
		F6727F84235EA9E1005B4A2C /* SamsClubDemoTests.swift */ = {isa = PBXFileReference; lastKnownFileType = sourcecode.swift; path = SamsClubDemoTests.swift; sourceTree = "<group>"; };
		F6727F86235EA9E2005B4A2C /* Info.plist */ = {isa = PBXFileReference; lastKnownFileType = text.plist.xml; path = Info.plist; sourceTree = "<group>"; };
		F6727F8B235EA9E2005B4A2C /* SamsClubDemoUITests.xctest */ = {isa = PBXFileReference; explicitFileType = wrapper.cfbundle; includeInIndex = 0; path = SamsClubDemoUITests.xctest; sourceTree = BUILT_PRODUCTS_DIR; };
		F6727F8F235EA9E2005B4A2C /* SamsClubDemoUITests.swift */ = {isa = PBXFileReference; lastKnownFileType = sourcecode.swift; path = SamsClubDemoUITests.swift; sourceTree = "<group>"; };
		F6727F91235EA9E2005B4A2C /* Info.plist */ = {isa = PBXFileReference; lastKnownFileType = text.plist.xml; path = Info.plist; sourceTree = "<group>"; };
		F6727FA3235EAF31005B4A2C /* BaseTabBarController.swift */ = {isa = PBXFileReference; lastKnownFileType = sourcecode.swift; path = BaseTabBarController.swift; sourceTree = "<group>"; };
		F6727FA5235EBABE005B4A2C /* ProductListCollectionViewController.swift */ = {isa = PBXFileReference; lastKnownFileType = sourcecode.swift; path = ProductListCollectionViewController.swift; sourceTree = "<group>"; };
		F6727FA7235EBB17005B4A2C /* SavedItemsCollectionViewController.swift */ = {isa = PBXFileReference; lastKnownFileType = sourcecode.swift; path = SavedItemsCollectionViewController.swift; sourceTree = "<group>"; };
		F6727FAB235EC2CA005B4A2C /* ProductListCell.swift */ = {isa = PBXFileReference; lastKnownFileType = sourcecode.swift; path = ProductListCell.swift; sourceTree = "<group>"; };
		F6727FAD235EC412005B4A2C /* SavedItemsCollectionViewCell.swift */ = {isa = PBXFileReference; lastKnownFileType = sourcecode.swift; path = SavedItemsCollectionViewCell.swift; sourceTree = "<group>"; };
		F6727FDD235FFDDA005B4A2C /* Products.swift */ = {isa = PBXFileReference; fileEncoding = 4; lastKnownFileType = sourcecode.swift; path = Products.swift; sourceTree = "<group>"; };
		F6727FE3235FFE40005B4A2C /* ServiceManager.swift */ = {isa = PBXFileReference; fileEncoding = 4; lastKnownFileType = sourcecode.swift; path = ServiceManager.swift; sourceTree = "<group>"; };
		F6727FE6235FFE64005B4A2C /* CustomFonts.swift */ = {isa = PBXFileReference; fileEncoding = 4; lastKnownFileType = sourcecode.swift; path = CustomFonts.swift; sourceTree = "<group>"; };
		F6727FE7235FFE64005B4A2C /* UIView+Layout.swift */ = {isa = PBXFileReference; fileEncoding = 4; lastKnownFileType = sourcecode.swift; path = "UIView+Layout.swift"; sourceTree = "<group>"; };
		F6727FE8235FFE64005B4A2C /* VerticalStackView.swift */ = {isa = PBXFileReference; fileEncoding = 4; lastKnownFileType = sourcecode.swift; path = VerticalStackView.swift; sourceTree = "<group>"; };
/* End PBXFileReference section */

/* Begin PBXFrameworksBuildPhase section */
		F6727F67235EA9E0005B4A2C /* Frameworks */ = {
			isa = PBXFrameworksBuildPhase;
			buildActionMask = 2147483647;
			files = (
			);
			runOnlyForDeploymentPostprocessing = 0;
		};
		F6727F7D235EA9E1005B4A2C /* Frameworks */ = {
			isa = PBXFrameworksBuildPhase;
			buildActionMask = 2147483647;
			files = (
			);
			runOnlyForDeploymentPostprocessing = 0;
		};
		F6727F88235EA9E2005B4A2C /* Frameworks */ = {
			isa = PBXFrameworksBuildPhase;
			buildActionMask = 2147483647;
			files = (
			);
			runOnlyForDeploymentPostprocessing = 0;
		};
/* End PBXFrameworksBuildPhase section */

/* Begin PBXGroup section */
		F6727F61235EA9E0005B4A2C = {
			isa = PBXGroup;
			children = (
				F6727F6C235EA9E0005B4A2C /* SamsClubDemo */,
				F6727F83235EA9E1005B4A2C /* SamsClubDemoTests */,
				F6727F8E235EA9E2005B4A2C /* SamsClubDemoUITests */,
				F6727F6B235EA9E0005B4A2C /* Products */,
			);
			sourceTree = "<group>";
		};
		F6727F6B235EA9E0005B4A2C /* Products */ = {
			isa = PBXGroup;
			children = (
				F6727F6A235EA9E0005B4A2C /* SamsClubDemo.app */,
				F6727F80235EA9E1005B4A2C /* SamsClubDemoTests.xctest */,
				F6727F8B235EA9E2005B4A2C /* SamsClubDemoUITests.xctest */,
			);
			name = Products;
			sourceTree = "<group>";
		};
		F6727F6C235EA9E0005B4A2C /* SamsClubDemo */ = {
			isa = PBXGroup;
			children = (
				F6727FE2235FFE40005B4A2C /* Networking */,
				F6727F6D235EA9E0005B4A2C /* AppDelegate.swift */,
				F6727F78235EA9E1005B4A2C /* LaunchScreen.storyboard */,
				F6727F6F235EA9E0005B4A2C /* SceneDelegate.swift */,
				F6727F7B235EA9E1005B4A2C /* Info.plist */,
				F6727F9F235EAE24005B4A2C /* Models */,
				F6727FA1235EAE47005B4A2C /* Views */,
				F6727FA0235EAE3B005B4A2C /* ViewModels */,
				F6727F9D235EAE0D005B4A2C /* Controllers */,
				F6727FE5235FFE64005B4A2C /* Helpers */,
				F6727FA2235EAE5A005B4A2C /* Resources */,
				F6727F9E235EAE1C005B4A2C /* Extensions */,
			);
			path = SamsClubDemo;
			sourceTree = "<group>";
		};
		F6727F83235EA9E1005B4A2C /* SamsClubDemoTests */ = {
			isa = PBXGroup;
			children = (
				F6727F84235EA9E1005B4A2C /* SamsClubDemoTests.swift */,
				F6727F86235EA9E2005B4A2C /* Info.plist */,
			);
			path = SamsClubDemoTests;
			sourceTree = "<group>";
		};
		F6727F8E235EA9E2005B4A2C /* SamsClubDemoUITests */ = {
			isa = PBXGroup;
			children = (
				F6727F8F235EA9E2005B4A2C /* SamsClubDemoUITests.swift */,
				F6727F91235EA9E2005B4A2C /* Info.plist */,
			);
			path = SamsClubDemoUITests;
			sourceTree = "<group>";
		};
		F6727F9D235EAE0D005B4A2C /* Controllers */ = {
			isa = PBXGroup;
			children = (
				F6727FA5235EBABE005B4A2C /* ProductListCollectionViewController.swift */,
				F6727FA3235EAF31005B4A2C /* BaseTabBarController.swift */,
				F6727FA7235EBB17005B4A2C /* SavedItemsCollectionViewController.swift */,
			);
			path = Controllers;
			sourceTree = "<group>";
		};
		F6727F9E235EAE1C005B4A2C /* Extensions */ = {
			isa = PBXGroup;
			children = (
			);
			path = Extensions;
			sourceTree = "<group>";
		};
		F6727F9F235EAE24005B4A2C /* Models */ = {
			isa = PBXGroup;
			children = (
				F6727FDD235FFDDA005B4A2C /* Products.swift */,
			);
			path = Models;
			sourceTree = "<group>";
		};
		F6727FA0235EAE3B005B4A2C /* ViewModels */ = {
			isa = PBXGroup;
			children = (
			);
			path = ViewModels;
			sourceTree = "<group>";
		};
		F6727FA1235EAE47005B4A2C /* Views */ = {
			isa = PBXGroup;
			children = (
				F6727F73235EA9E0005B4A2C /* Main.storyboard */,
				F6727FAB235EC2CA005B4A2C /* ProductListCell.swift */,
				F6727FAD235EC412005B4A2C /* SavedItemsCollectionViewCell.swift */,
			);
			path = Views;
			sourceTree = "<group>";
		};
		F6727FA2235EAE5A005B4A2C /* Resources */ = {
			isa = PBXGroup;
			children = (
				F6727F76235EA9E1005B4A2C /* Assets.xcassets */,
			);
			path = Resources;
			sourceTree = "<group>";
		};
		F6727FE2235FFE40005B4A2C /* Networking */ = {
			isa = PBXGroup;
			children = (
				F6727FE3235FFE40005B4A2C /* ServiceManager.swift */,
			);
			path = Networking;
			sourceTree = "<group>";
		};
		F6727FE5235FFE64005B4A2C /* Helpers */ = {
			isa = PBXGroup;
			children = (
				F6727FE6235FFE64005B4A2C /* CustomFonts.swift */,
				F6727FE7235FFE64005B4A2C /* UIView+Layout.swift */,
				F6727FE8235FFE64005B4A2C /* VerticalStackView.swift */,
			);
			path = Helpers;
			sourceTree = "<group>";
		};
/* End PBXGroup section */

/* Begin PBXNativeTarget section */
		F6727F69235EA9E0005B4A2C /* SamsClubDemo */ = {
			isa = PBXNativeTarget;
			buildConfigurationList = F6727F94235EA9E2005B4A2C /* Build configuration list for PBXNativeTarget "SamsClubDemo" */;
			buildPhases = (
				F6727F66235EA9E0005B4A2C /* Sources */,
				F6727F67235EA9E0005B4A2C /* Frameworks */,
				F6727F68235EA9E0005B4A2C /* Resources */,
			);
			buildRules = (
			);
			dependencies = (
			);
			name = SamsClubDemo;
			productName = SamsClubDemo;
			productReference = F6727F6A235EA9E0005B4A2C /* SamsClubDemo.app */;
			productType = "com.apple.product-type.application";
		};
		F6727F7F235EA9E1005B4A2C /* SamsClubDemoTests */ = {
			isa = PBXNativeTarget;
			buildConfigurationList = F6727F97235EA9E2005B4A2C /* Build configuration list for PBXNativeTarget "SamsClubDemoTests" */;
			buildPhases = (
				F6727F7C235EA9E1005B4A2C /* Sources */,
				F6727F7D235EA9E1005B4A2C /* Frameworks */,
				F6727F7E235EA9E1005B4A2C /* Resources */,
			);
			buildRules = (
			);
			dependencies = (
				F6727F82235EA9E1005B4A2C /* PBXTargetDependency */,
			);
			name = SamsClubDemoTests;
			productName = SamsClubDemoTests;
			productReference = F6727F80235EA9E1005B4A2C /* SamsClubDemoTests.xctest */;
			productType = "com.apple.product-type.bundle.unit-test";
		};
		F6727F8A235EA9E2005B4A2C /* SamsClubDemoUITests */ = {
			isa = PBXNativeTarget;
			buildConfigurationList = F6727F9A235EA9E2005B4A2C /* Build configuration list for PBXNativeTarget "SamsClubDemoUITests" */;
			buildPhases = (
				F6727F87235EA9E2005B4A2C /* Sources */,
				F6727F88235EA9E2005B4A2C /* Frameworks */,
				F6727F89235EA9E2005B4A2C /* Resources */,
			);
			buildRules = (
			);
			dependencies = (
				F6727F8D235EA9E2005B4A2C /* PBXTargetDependency */,
			);
			name = SamsClubDemoUITests;
			productName = SamsClubDemoUITests;
			productReference = F6727F8B235EA9E2005B4A2C /* SamsClubDemoUITests.xctest */;
			productType = "com.apple.product-type.bundle.ui-testing";
		};
/* End PBXNativeTarget section */

/* Begin PBXProject section */
		F6727F62235EA9E0005B4A2C /* Project object */ = {
			isa = PBXProject;
			attributes = {
				LastSwiftUpdateCheck = 1110;
				LastUpgradeCheck = 1110;
				ORGANIZATIONNAME = "Fredrick Burns";
				TargetAttributes = {
					F6727F69235EA9E0005B4A2C = {
						CreatedOnToolsVersion = 11.1;
					};
					F6727F7F235EA9E1005B4A2C = {
						CreatedOnToolsVersion = 11.1;
						TestTargetID = F6727F69235EA9E0005B4A2C;
					};
					F6727F8A235EA9E2005B4A2C = {
						CreatedOnToolsVersion = 11.1;
						TestTargetID = F6727F69235EA9E0005B4A2C;
					};
				};
			};
			buildConfigurationList = F6727F65235EA9E0005B4A2C /* Build configuration list for PBXProject "SamsClubDemo" */;
			compatibilityVersion = "Xcode 9.3";
			developmentRegion = en;
			hasScannedForEncodings = 0;
			knownRegions = (
				en,
				Base,
			);
			mainGroup = F6727F61235EA9E0005B4A2C;
			productRefGroup = F6727F6B235EA9E0005B4A2C /* Products */;
			projectDirPath = "";
			projectRoot = "";
			targets = (
				F6727F69235EA9E0005B4A2C /* SamsClubDemo */,
				F6727F7F235EA9E1005B4A2C /* SamsClubDemoTests */,
				F6727F8A235EA9E2005B4A2C /* SamsClubDemoUITests */,
			);
		};
/* End PBXProject section */

/* Begin PBXResourcesBuildPhase section */
		F6727F68235EA9E0005B4A2C /* Resources */ = {
			isa = PBXResourcesBuildPhase;
			buildActionMask = 2147483647;
			files = (
				F6727F7A235EA9E1005B4A2C /* LaunchScreen.storyboard in Resources */,
				F6727F77235EA9E1005B4A2C /* Assets.xcassets in Resources */,
				F6727F75235EA9E0005B4A2C /* Main.storyboard in Resources */,
			);
			runOnlyForDeploymentPostprocessing = 0;
		};
		F6727F7E235EA9E1005B4A2C /* Resources */ = {
			isa = PBXResourcesBuildPhase;
			buildActionMask = 2147483647;
			files = (
			);
			runOnlyForDeploymentPostprocessing = 0;
		};
		F6727F89235EA9E2005B4A2C /* Resources */ = {
			isa = PBXResourcesBuildPhase;
			buildActionMask = 2147483647;
			files = (
			);
			runOnlyForDeploymentPostprocessing = 0;
		};
/* End PBXResourcesBuildPhase section */

/* Begin PBXSourcesBuildPhase section */
		F6727F66235EA9E0005B4A2C /* Sources */ = {
			isa = PBXSourcesBuildPhase;
			buildActionMask = 2147483647;
			files = (
				F6727FA6235EBABE005B4A2C /* ProductListCollectionViewController.swift in Sources */,
				F6727FEB235FFE64005B4A2C /* VerticalStackView.swift in Sources */,
				F6727FA8235EBB17005B4A2C /* SavedItemsCollectionViewController.swift in Sources */,
				F6727F6E235EA9E0005B4A2C /* AppDelegate.swift in Sources */,
				F6727F70235EA9E0005B4A2C /* SceneDelegate.swift in Sources */,
				F6727FA4235EAF31005B4A2C /* BaseTabBarController.swift in Sources */,
				F6727FE4235FFE40005B4A2C /* ServiceManager.swift in Sources */,
				F6727FEA235FFE64005B4A2C /* UIView+Layout.swift in Sources */,
				F6727FDE235FFDDA005B4A2C /* Products.swift in Sources */,
				F6727FE9235FFE64005B4A2C /* CustomFonts.swift in Sources */,
				F6727FAE235EC412005B4A2C /* SavedItemsCollectionViewCell.swift in Sources */,
				F6727FAC235EC2CA005B4A2C /* ProductListCell.swift in Sources */,
			);
			runOnlyForDeploymentPostprocessing = 0;
		};
		F6727F7C235EA9E1005B4A2C /* Sources */ = {
			isa = PBXSourcesBuildPhase;
			buildActionMask = 2147483647;
			files = (
				F6727F85235EA9E1005B4A2C /* SamsClubDemoTests.swift in Sources */,
			);
			runOnlyForDeploymentPostprocessing = 0;
		};
		F6727F87235EA9E2005B4A2C /* Sources */ = {
			isa = PBXSourcesBuildPhase;
			buildActionMask = 2147483647;
			files = (
				F6727F90235EA9E2005B4A2C /* SamsClubDemoUITests.swift in Sources */,
			);
			runOnlyForDeploymentPostprocessing = 0;
		};
/* End PBXSourcesBuildPhase section */

/* Begin PBXTargetDependency section */
		F6727F82235EA9E1005B4A2C /* PBXTargetDependency */ = {
			isa = PBXTargetDependency;
			target = F6727F69235EA9E0005B4A2C /* SamsClubDemo */;
			targetProxy = F6727F81235EA9E1005B4A2C /* PBXContainerItemProxy */;
		};
		F6727F8D235EA9E2005B4A2C /* PBXTargetDependency */ = {
			isa = PBXTargetDependency;
			target = F6727F69235EA9E0005B4A2C /* SamsClubDemo */;
			targetProxy = F6727F8C235EA9E2005B4A2C /* PBXContainerItemProxy */;
		};
/* End PBXTargetDependency section */

/* Begin PBXVariantGroup section */
		F6727F73235EA9E0005B4A2C /* Main.storyboard */ = {
			isa = PBXVariantGroup;
			children = (
				F6727F74235EA9E0005B4A2C /* Base */,
			);
			name = Main.storyboard;
			sourceTree = "<group>";
		};
		F6727F78235EA9E1005B4A2C /* LaunchScreen.storyboard */ = {
			isa = PBXVariantGroup;
			children = (
				F6727F79235EA9E1005B4A2C /* Base */,
			);
			name = LaunchScreen.storyboard;
			sourceTree = "<group>";
		};
/* End PBXVariantGroup section */

/* Begin XCBuildConfiguration section */
		F6727F92235EA9E2005B4A2C /* Debug */ = {
			isa = XCBuildConfiguration;
			buildSettings = {
				ALWAYS_SEARCH_USER_PATHS = NO;
				CLANG_ANALYZER_NONNULL = YES;
				CLANG_ANALYZER_NUMBER_OBJECT_CONVERSION = YES_AGGRESSIVE;
				CLANG_CXX_LANGUAGE_STANDARD = "gnu++14";
				CLANG_CXX_LIBRARY = "libc++";
				CLANG_ENABLE_MODULES = YES;
				CLANG_ENABLE_OBJC_ARC = YES;
				CLANG_ENABLE_OBJC_WEAK = YES;
				CLANG_WARN_BLOCK_CAPTURE_AUTORELEASING = YES;
				CLANG_WARN_BOOL_CONVERSION = YES;
				CLANG_WARN_COMMA = YES;
				CLANG_WARN_CONSTANT_CONVERSION = YES;
				CLANG_WARN_DEPRECATED_OBJC_IMPLEMENTATIONS = YES;
				CLANG_WARN_DIRECT_OBJC_ISA_USAGE = YES_ERROR;
				CLANG_WARN_DOCUMENTATION_COMMENTS = YES;
				CLANG_WARN_EMPTY_BODY = YES;
				CLANG_WARN_ENUM_CONVERSION = YES;
				CLANG_WARN_INFINITE_RECURSION = YES;
				CLANG_WARN_INT_CONVERSION = YES;
				CLANG_WARN_NON_LITERAL_NULL_CONVERSION = YES;
				CLANG_WARN_OBJC_IMPLICIT_RETAIN_SELF = YES;
				CLANG_WARN_OBJC_LITERAL_CONVERSION = YES;
				CLANG_WARN_OBJC_ROOT_CLASS = YES_ERROR;
				CLANG_WARN_RANGE_LOOP_ANALYSIS = YES;
				CLANG_WARN_STRICT_PROTOTYPES = YES;
				CLANG_WARN_SUSPICIOUS_MOVE = YES;
				CLANG_WARN_UNGUARDED_AVAILABILITY = YES_AGGRESSIVE;
				CLANG_WARN_UNREACHABLE_CODE = YES;
				CLANG_WARN__DUPLICATE_METHOD_MATCH = YES;
				COPY_PHASE_STRIP = NO;
				DEBUG_INFORMATION_FORMAT = dwarf;
				ENABLE_STRICT_OBJC_MSGSEND = YES;
				ENABLE_TESTABILITY = YES;
				GCC_C_LANGUAGE_STANDARD = gnu11;
				GCC_DYNAMIC_NO_PIC = NO;
				GCC_NO_COMMON_BLOCKS = YES;
				GCC_OPTIMIZATION_LEVEL = 0;
				GCC_PREPROCESSOR_DEFINITIONS = (
					"DEBUG=1",
					"$(inherited)",
				);
				GCC_WARN_64_TO_32_BIT_CONVERSION = YES;
				GCC_WARN_ABOUT_RETURN_TYPE = YES_ERROR;
				GCC_WARN_UNDECLARED_SELECTOR = YES;
				GCC_WARN_UNINITIALIZED_AUTOS = YES_AGGRESSIVE;
				GCC_WARN_UNUSED_FUNCTION = YES;
				GCC_WARN_UNUSED_VARIABLE = YES;
				IPHONEOS_DEPLOYMENT_TARGET = 13.1;
				MTL_ENABLE_DEBUG_INFO = INCLUDE_SOURCE;
				MTL_FAST_MATH = YES;
				ONLY_ACTIVE_ARCH = YES;
				SDKROOT = iphoneos;
				SWIFT_ACTIVE_COMPILATION_CONDITIONS = DEBUG;
				SWIFT_OPTIMIZATION_LEVEL = "-Onone";
			};
			name = Debug;
		};
		F6727F93235EA9E2005B4A2C /* Release */ = {
			isa = XCBuildConfiguration;
			buildSettings = {
				ALWAYS_SEARCH_USER_PATHS = NO;
				CLANG_ANALYZER_NONNULL = YES;
				CLANG_ANALYZER_NUMBER_OBJECT_CONVERSION = YES_AGGRESSIVE;
				CLANG_CXX_LANGUAGE_STANDARD = "gnu++14";
				CLANG_CXX_LIBRARY = "libc++";
				CLANG_ENABLE_MODULES = YES;
				CLANG_ENABLE_OBJC_ARC = YES;
				CLANG_ENABLE_OBJC_WEAK = YES;
				CLANG_WARN_BLOCK_CAPTURE_AUTORELEASING = YES;
				CLANG_WARN_BOOL_CONVERSION = YES;
				CLANG_WARN_COMMA = YES;
				CLANG_WARN_CONSTANT_CONVERSION = YES;
				CLANG_WARN_DEPRECATED_OBJC_IMPLEMENTATIONS = YES;
				CLANG_WARN_DIRECT_OBJC_ISA_USAGE = YES_ERROR;
				CLANG_WARN_DOCUMENTATION_COMMENTS = YES;
				CLANG_WARN_EMPTY_BODY = YES;
				CLANG_WARN_ENUM_CONVERSION = YES;
				CLANG_WARN_INFINITE_RECURSION = YES;
				CLANG_WARN_INT_CONVERSION = YES;
				CLANG_WARN_NON_LITERAL_NULL_CONVERSION = YES;
				CLANG_WARN_OBJC_IMPLICIT_RETAIN_SELF = YES;
				CLANG_WARN_OBJC_LITERAL_CONVERSION = YES;
				CLANG_WARN_OBJC_ROOT_CLASS = YES_ERROR;
				CLANG_WARN_RANGE_LOOP_ANALYSIS = YES;
				CLANG_WARN_STRICT_PROTOTYPES = YES;
				CLANG_WARN_SUSPICIOUS_MOVE = YES;
				CLANG_WARN_UNGUARDED_AVAILABILITY = YES_AGGRESSIVE;
				CLANG_WARN_UNREACHABLE_CODE = YES;
				CLANG_WARN__DUPLICATE_METHOD_MATCH = YES;
				COPY_PHASE_STRIP = NO;
				DEBUG_INFORMATION_FORMAT = "dwarf-with-dsym";
				ENABLE_NS_ASSERTIONS = NO;
				ENABLE_STRICT_OBJC_MSGSEND = YES;
				GCC_C_LANGUAGE_STANDARD = gnu11;
				GCC_NO_COMMON_BLOCKS = YES;
				GCC_WARN_64_TO_32_BIT_CONVERSION = YES;
				GCC_WARN_ABOUT_RETURN_TYPE = YES_ERROR;
				GCC_WARN_UNDECLARED_SELECTOR = YES;
				GCC_WARN_UNINITIALIZED_AUTOS = YES_AGGRESSIVE;
				GCC_WARN_UNUSED_FUNCTION = YES;
				GCC_WARN_UNUSED_VARIABLE = YES;
				IPHONEOS_DEPLOYMENT_TARGET = 13.1;
				MTL_ENABLE_DEBUG_INFO = NO;
				MTL_FAST_MATH = YES;
				SDKROOT = iphoneos;
				SWIFT_COMPILATION_MODE = wholemodule;
				SWIFT_OPTIMIZATION_LEVEL = "-O";
				VALIDATE_PRODUCT = YES;
			};
			name = Release;
		};
		F6727F95235EA9E2005B4A2C /* Debug */ = {
			isa = XCBuildConfiguration;
			buildSettings = {
				ASSETCATALOG_COMPILER_APPICON_NAME = AppIcon;
				CODE_SIGN_STYLE = Automatic;
				DEVELOPMENT_TEAM = 7KXS2AAHE9;
				INFOPLIST_FILE = SamsClubDemo/Info.plist;
				LD_RUNPATH_SEARCH_PATHS = (
					"$(inherited)",
					"@executable_path/Frameworks",
				);
				PRODUCT_BUNDLE_IDENTIFIER = com.RuniT.SamsClubDemo;
				PRODUCT_NAME = "$(TARGET_NAME)";
				SWIFT_VERSION = 5.0;
				TARGETED_DEVICE_FAMILY = "1,2";
			};
			name = Debug;
		};
		F6727F96235EA9E2005B4A2C /* Release */ = {
			isa = XCBuildConfiguration;
			buildSettings = {
				ASSETCATALOG_COMPILER_APPICON_NAME = AppIcon;
				CODE_SIGN_STYLE = Automatic;
				DEVELOPMENT_TEAM = 7KXS2AAHE9;
				INFOPLIST_FILE = SamsClubDemo/Info.plist;
				LD_RUNPATH_SEARCH_PATHS = (
					"$(inherited)",
					"@executable_path/Frameworks",
				);
				PRODUCT_BUNDLE_IDENTIFIER = com.RuniT.SamsClubDemo;
				PRODUCT_NAME = "$(TARGET_NAME)";
				SWIFT_VERSION = 5.0;
				TARGETED_DEVICE_FAMILY = "1,2";
			};
			name = Release;
		};
		F6727F98235EA9E2005B4A2C /* Debug */ = {
			isa = XCBuildConfiguration;
			buildSettings = {
				ALWAYS_EMBED_SWIFT_STANDARD_LIBRARIES = YES;
				BUNDLE_LOADER = "$(TEST_HOST)";
				CODE_SIGN_STYLE = Automatic;
				DEVELOPMENT_TEAM = 7KXS2AAHE9;
				INFOPLIST_FILE = SamsClubDemoTests/Info.plist;
				IPHONEOS_DEPLOYMENT_TARGET = 13.1;
				LD_RUNPATH_SEARCH_PATHS = (
					"$(inherited)",
					"@executable_path/Frameworks",
					"@loader_path/Frameworks",
				);
				PRODUCT_BUNDLE_IDENTIFIER = com.RuniT.SamsClubDemoTests;
				PRODUCT_NAME = "$(TARGET_NAME)";
				SWIFT_VERSION = 5.0;
				TARGETED_DEVICE_FAMILY = "1,2";
				TEST_HOST = "$(BUILT_PRODUCTS_DIR)/SamsClubDemo.app/SamsClubDemo";
			};
			name = Debug;
		};
		F6727F99235EA9E2005B4A2C /* Release */ = {
			isa = XCBuildConfiguration;
			buildSettings = {
				ALWAYS_EMBED_SWIFT_STANDARD_LIBRARIES = YES;
				BUNDLE_LOADER = "$(TEST_HOST)";
				CODE_SIGN_STYLE = Automatic;
				DEVELOPMENT_TEAM = 7KXS2AAHE9;
				INFOPLIST_FILE = SamsClubDemoTests/Info.plist;
				IPHONEOS_DEPLOYMENT_TARGET = 13.1;
				LD_RUNPATH_SEARCH_PATHS = (
					"$(inherited)",
					"@executable_path/Frameworks",
					"@loader_path/Frameworks",
				);
				PRODUCT_BUNDLE_IDENTIFIER = com.RuniT.SamsClubDemoTests;
				PRODUCT_NAME = "$(TARGET_NAME)";
				SWIFT_VERSION = 5.0;
				TARGETED_DEVICE_FAMILY = "1,2";
				TEST_HOST = "$(BUILT_PRODUCTS_DIR)/SamsClubDemo.app/SamsClubDemo";
			};
			name = Release;
		};
		F6727F9B235EA9E2005B4A2C /* Debug */ = {
			isa = XCBuildConfiguration;
			buildSettings = {
				ALWAYS_EMBED_SWIFT_STANDARD_LIBRARIES = YES;
				CODE_SIGN_STYLE = Automatic;
				DEVELOPMENT_TEAM = 7KXS2AAHE9;
				INFOPLIST_FILE = SamsClubDemoUITests/Info.plist;
				LD_RUNPATH_SEARCH_PATHS = (
					"$(inherited)",
					"@executable_path/Frameworks",
					"@loader_path/Frameworks",
				);
				PRODUCT_BUNDLE_IDENTIFIER = com.RuniT.SamsClubDemoUITests;
				PRODUCT_NAME = "$(TARGET_NAME)";
				SWIFT_VERSION = 5.0;
				TARGETED_DEVICE_FAMILY = "1,2";
				TEST_TARGET_NAME = SamsClubDemo;
			};
			name = Debug;
		};
		F6727F9C235EA9E2005B4A2C /* Release */ = {
			isa = XCBuildConfiguration;
			buildSettings = {
				ALWAYS_EMBED_SWIFT_STANDARD_LIBRARIES = YES;
				CODE_SIGN_STYLE = Automatic;
				DEVELOPMENT_TEAM = 7KXS2AAHE9;
				INFOPLIST_FILE = SamsClubDemoUITests/Info.plist;
				LD_RUNPATH_SEARCH_PATHS = (
					"$(inherited)",
					"@executable_path/Frameworks",
					"@loader_path/Frameworks",
				);
				PRODUCT_BUNDLE_IDENTIFIER = com.RuniT.SamsClubDemoUITests;
				PRODUCT_NAME = "$(TARGET_NAME)";
				SWIFT_VERSION = 5.0;
				TARGETED_DEVICE_FAMILY = "1,2";
				TEST_TARGET_NAME = SamsClubDemo;
			};
			name = Release;
		};
/* End XCBuildConfiguration section */

/* Begin XCConfigurationList section */
		F6727F65235EA9E0005B4A2C /* Build configuration list for PBXProject "SamsClubDemo" */ = {
			isa = XCConfigurationList;
			buildConfigurations = (
				F6727F92235EA9E2005B4A2C /* Debug */,
				F6727F93235EA9E2005B4A2C /* Release */,
			);
			defaultConfigurationIsVisible = 0;
			defaultConfigurationName = Release;
		};
		F6727F94235EA9E2005B4A2C /* Build configuration list for PBXNativeTarget "SamsClubDemo" */ = {
			isa = XCConfigurationList;
			buildConfigurations = (
				F6727F95235EA9E2005B4A2C /* Debug */,
				F6727F96235EA9E2005B4A2C /* Release */,
			);
			defaultConfigurationIsVisible = 0;
			defaultConfigurationName = Release;
		};
		F6727F97235EA9E2005B4A2C /* Build configuration list for PBXNativeTarget "SamsClubDemoTests" */ = {
			isa = XCConfigurationList;
			buildConfigurations = (
				F6727F98235EA9E2005B4A2C /* Debug */,
				F6727F99235EA9E2005B4A2C /* Release */,
			);
			defaultConfigurationIsVisible = 0;
			defaultConfigurationName = Release;
		};
		F6727F9A235EA9E2005B4A2C /* Build configuration list for PBXNativeTarget "SamsClubDemoUITests" */ = {
			isa = XCConfigurationList;
			buildConfigurations = (
				F6727F9B235EA9E2005B4A2C /* Debug */,
				F6727F9C235EA9E2005B4A2C /* Release */,
			);
			defaultConfigurationIsVisible = 0;
			defaultConfigurationName = Release;
		};
/* End XCConfigurationList section */
	};
	rootObject = F6727F62235EA9E0005B4A2C /* Project object */;
}
